
Microsoft Visual Studio Solution File, Format Version 12.00
# Visual Studio 15
VisualStudioVersion = 15.0.27703.2026
MinimumVisualStudioVersion = 10.0.40219.1
Project("{FAE04EC0-301F-11D3-BF4B-00C04F79EFBC}") = "Facturacion", "Facturacion\Facturacion.csproj", "{730810A4-8163-4906-A61E-5FA1A9520943}"
EndProject
Project("{FAE04EC0-301F-11D3-BF4B-00C04F79EFBC}") = "Data", "Data\Data.csproj", "{EC008EE0-B2CA-46F7-9DC5-3D86FE6CCCBA}"
EndProject
Global
	GlobalSection(SolutionConfigurationPlatforms) = preSolution
		Debug|Any CPU = Debug|Any CPU
		Release|Any CPU = Release|Any CPU
	EndGlobalSection
	GlobalSection(ProjectConfigurationPlatforms) = postSolution
		{730810A4-8163-4906-A61E-5FA1A9520943}.Debug|Any CPU.ActiveCfg = Debug|Any CPU
		{730810A4-8163-4906-A61E-5FA1A9520943}.Debug|Any CPU.Build.0 = Debug|Any CPU
		{730810A4-8163-4906-A61E-5FA1A9520943}.Release|Any CPU.ActiveCfg = Release|Any CPU
		{730810A4-8163-4906-A61E-5FA1A9520943}.Release|Any CPU.Build.0 = Release|Any CPU
		{EC008EE0-B2CA-46F7-9DC5-3D86FE6CCCBA}.Debug|Any CPU.ActiveCfg = Debug|Any CPU
		{EC008EE0-B2CA-46F7-9DC5-3D86FE6CCCBA}.Debug|Any CPU.Build.0 = Debug|Any CPU
		{EC008EE0-B2CA-46F7-9DC5-3D86FE6CCCBA}.Release|Any CPU.ActiveCfg = Release|Any CPU
		{EC008EE0-B2CA-46F7-9DC5-3D86FE6CCCBA}.Release|Any CPU.Build.0 = Release|Any CPU
	EndGlobalSection
	GlobalSection(SolutionProperties) = preSolution
		HideSolutionNode = FALSE
	EndGlobalSection
	GlobalSection(ExtensibilityGlobals) = postSolution
		SolutionGuid = {CEA60582-1206-431D-81A3-BA53BE209E17}
	EndGlobalSection
EndGlobal
